
Microsoft Visual Studio Solution File, Format Version 12.00
# Visual Studio Version 17
VisualStudioVersion = 17.0.31903.59
MinimumVisualStudioVersion = 10.0.40219.1
Project("{FAE04EC0-301F-11D3-BF4B-00C04F79EFBC}") = "Account", "Account\Account.csproj", "{9B1EA7BF-A9C9-4F63-ABD1-AEFA17120517}"
EndProject
Project("{FAE04EC0-301F-11D3-BF4B-00C04F79EFBC}") = "JwtLibrary", "JwtLibrary\JwtLibrary.csproj", "{0A6C6582-8C7B-4DBC-AB61-4301A5E537DD}"
EndProject
Global
	GlobalSection(SolutionConfigurationPlatforms) = preSolution
		Debug|Any CPU = Debug|Any CPU
		Release|Any CPU = Release|Any CPU
	EndGlobalSection
	GlobalSection(SolutionProperties) = preSolution
		HideSolutionNode = FALSE
	EndGlobalSection
	GlobalSection(ProjectConfigurationPlatforms) = postSolution
		{9B1EA7BF-A9C9-4F63-ABD1-AEFA17120517}.Debug|Any CPU.ActiveCfg = Debug|Any CPU
		{9B1EA7BF-A9C9-4F63-ABD1-AEFA17120517}.Debug|Any CPU.Build.0 = Debug|Any CPU
		{9B1EA7BF-A9C9-4F63-ABD1-AEFA17120517}.Release|Any CPU.ActiveCfg = Release|Any CPU
		{9B1EA7BF-A9C9-4F63-ABD1-AEFA17120517}.Release|Any CPU.Build.0 = Release|Any CPU
		{0A6C6582-8C7B-4DBC-AB61-4301A5E537DD}.Debug|Any CPU.ActiveCfg = Debug|Any CPU
		{0A6C6582-8C7B-4DBC-AB61-4301A5E537DD}.Debug|Any CPU.Build.0 = Debug|Any CPU
		{0A6C6582-8C7B-4DBC-AB61-4301A5E537DD}.Release|Any CPU.ActiveCfg = Release|Any CPU
		{0A6C6582-8C7B-4DBC-AB61-4301A5E537DD}.Release|Any CPU.Build.0 = Release|Any CPU
	EndGlobalSection
EndGlobal
